// !$*UTF8*$!
{
	archiveVersion = 1;
	classes = {
	};
	objectVersion = 50;
	objects = {

/* Begin PBXBuildFile section */
		00063BDD4E4902908736BDC2 /* Pods_MyBrowser_MyBrowserUITests.framework in Frameworks */ = {isa = PBXBuildFile; fileRef = BDBEB2AF67A91B1399F731F5 /* Pods_MyBrowser_MyBrowserUITests.framework */; };
		0345F96A263DBB570059E5B1 /* CreateNewBrowserViewController.swift in Sources */ = {isa = PBXBuildFile; fileRef = 0345F969263DBB570059E5B1 /* CreateNewBrowserViewController.swift */; };
		0345F96C263E35630059E5B1 /* CreateBrowserPopupView.swift in Sources */ = {isa = PBXBuildFile; fileRef = 0345F96B263E35630059E5B1 /* CreateBrowserPopupView.swift */; };
		0345F96E263E3C910059E5B1 /* MyBrowserVC.swift in Sources */ = {isa = PBXBuildFile; fileRef = 0345F96D263E3C910059E5B1 /* MyBrowserVC.swift */; };
		0345F970263E3D400059E5B1 /* BrowserAddVC.swift in Sources */ = {isa = PBXBuildFile; fileRef = 0345F96F263E3D400059E5B1 /* BrowserAddVC.swift */; };
		0345F972263E91ED0059E5B1 /* ic_cancel.png in Resources */ = {isa = PBXBuildFile; fileRef = 0345F971263E91ED0059E5B1 /* ic_cancel.png */; };
		0345F974263EF6310059E5B1 /* CustomBrowserCell.swift in Sources */ = {isa = PBXBuildFile; fileRef = 0345F973263EF6310059E5B1 /* CustomBrowserCell.swift */; };
		0345F976263F1D100059E5B1 /* ic_plus_white.png in Resources */ = {isa = PBXBuildFile; fileRef = 0345F975263F1D100059E5B1 /* ic_plus_white.png */; };
		0349E84C2633F27600B0391A /* AppDelegate.swift in Sources */ = {isa = PBXBuildFile; fileRef = 0349E84B2633F27600B0391A /* AppDelegate.swift */; };
		0349E8552633F27C00B0391A /* Assets.xcassets in Resources */ = {isa = PBXBuildFile; fileRef = 0349E8542633F27C00B0391A /* Assets.xcassets */; };
		0349E8582633F27C00B0391A /* LaunchScreen.storyboard in Resources */ = {isa = PBXBuildFile; fileRef = 0349E8562633F27C00B0391A /* LaunchScreen.storyboard */; };
		0349E8632633F27C00B0391A /* MyBrowserTests.swift in Sources */ = {isa = PBXBuildFile; fileRef = 0349E8622633F27C00B0391A /* MyBrowserTests.swift */; };
		0349E86E2633F27C00B0391A /* MyBrowserUITests.swift in Sources */ = {isa = PBXBuildFile; fileRef = 0349E86D2633F27C00B0391A /* MyBrowserUITests.swift */; };
		0349E8822634344300B0391A /* XenonPNG 1.png in Resources */ = {isa = PBXBuildFile; fileRef = 0349E8812634344300B0391A /* XenonPNG 1.png */; };
		0349E88426343BBF00B0391A /* Auth.storyboard in Resources */ = {isa = PBXBuildFile; fileRef = 0349E88326343BBF00B0391A /* Auth.storyboard */; };
		0349E88626343C9A00B0391A /* AuthViewController.swift in Sources */ = {isa = PBXBuildFile; fileRef = 0349E88526343C9A00B0391A /* AuthViewController.swift */; };
		0349E88B263440FC00B0391A /* extension.swift in Sources */ = {isa = PBXBuildFile; fileRef = 0349E88A263440FC00B0391A /* extension.swift */; };
		0349E89026346FC500B0391A /* ic_message.png in Resources */ = {isa = PBXBuildFile; fileRef = 0349E88F26346FC500B0391A /* ic_message.png */; };
		0349E892263474FC00B0391A /* ic_lock.png in Resources */ = {isa = PBXBuildFile; fileRef = 0349E891263474FC00B0391A /* ic_lock.png */; };
		0349E8982634C3D000B0391A /* ic_eye.png in Resources */ = {isa = PBXBuildFile; fileRef = 0349E8972634C3D000B0391A /* ic_eye.png */; };
		0349E89B2635967D00B0391A /* BrowserView.xib in Resources */ = {isa = PBXBuildFile; fileRef = 0349E89A2635967D00B0391A /* BrowserView.xib */; };
		0349E89D2635D05900B0391A /* ic_home.png in Resources */ = {isa = PBXBuildFile; fileRef = 0349E89C2635D05800B0391A /* ic_home.png */; };
		03E60866264FF8B600592BA9 /* CustomUITextFieldDelegate.swift in Sources */ = {isa = PBXBuildFile; fileRef = 03E60865264FF8B600592BA9 /* CustomUITextFieldDelegate.swift */; };
		03E60868265009D100592BA9 /* ic_message_white.png in Resources */ = {isa = PBXBuildFile; fileRef = 03E60867265009D100592BA9 /* ic_message_white.png */; };
		03E6086A26500D3000592BA9 /* ic_lock_white.png in Resources */ = {isa = PBXBuildFile; fileRef = 03E6086926500D3000592BA9 /* ic_lock_white.png */; };
		03E60894265010A400592BA9 /* EuclidCircularB-BoldItalic.eot in Resources */ = {isa = PBXBuildFile; fileRef = 03E6086C265010A200592BA9 /* EuclidCircularB-BoldItalic.eot */; };
		03E60895265010A400592BA9 /* EuclidCircularB-Medium.ttf in Resources */ = {isa = PBXBuildFile; fileRef = 03E6086D265010A200592BA9 /* EuclidCircularB-Medium.ttf */; };
		03E60896265010A400592BA9 /* EuclidCircularB-Italic.eot in Resources */ = {isa = PBXBuildFile; fileRef = 03E6086E265010A300592BA9 /* EuclidCircularB-Italic.eot */; };
		03E60897265010A400592BA9 /* EuclidCircularB-BoldItalic.woff2 in Resources */ = {isa = PBXBuildFile; fileRef = 03E6086F265010A300592BA9 /* EuclidCircularB-BoldItalic.woff2 */; };
		03E60898265010A400592BA9 /* EuclidCircularB-BoldItalic.ttf in Resources */ = {isa = PBXBuildFile; fileRef = 03E60870265010A300592BA9 /* EuclidCircularB-BoldItalic.ttf */; };
		03E60899265010A400592BA9 /* EuclidCircularB-LightItalic.ttf in Resources */ = {isa = PBXBuildFile; fileRef = 03E60871265010A300592BA9 /* EuclidCircularB-LightItalic.ttf */; };
		03E6089A265010A400592BA9 /* EuclidCircularB-SemiBoldItalic.ttf in Resources */ = {isa = PBXBuildFile; fileRef = 03E60872265010A300592BA9 /* EuclidCircularB-SemiBoldItalic.ttf */; };
		03E6089B265010A400592BA9 /* EuclidCircularB-SemiBoldItalic.woff2 in Resources */ = {isa = PBXBuildFile; fileRef = 03E60873265010A300592BA9 /* EuclidCircularB-SemiBoldItalic.woff2 */; };
		03E6089C265010A400592BA9 /* EuclidCircularB-Italic.ttf in Resources */ = {isa = PBXBuildFile; fileRef = 03E60874265010A300592BA9 /* EuclidCircularB-Italic.ttf */; };
		03E6089D265010A400592BA9 /* EuclidCircularB-Light.woff2 in Resources */ = {isa = PBXBuildFile; fileRef = 03E60875265010A300592BA9 /* EuclidCircularB-Light.woff2 */; };
		03E6089E265010A400592BA9 /* EuclidCircularB-Bold.woff in Resources */ = {isa = PBXBuildFile; fileRef = 03E60876265010A300592BA9 /* EuclidCircularB-Bold.woff */; };
		03E6089F265010A400592BA9 /* EuclidCircularB-MediumItalic.eot in Resources */ = {isa = PBXBuildFile; fileRef = 03E60877265010A300592BA9 /* EuclidCircularB-MediumItalic.eot */; };
		03E608A0265010A400592BA9 /* EuclidCircularB-MediumItalic.ttf in Resources */ = {isa = PBXBuildFile; fileRef = 03E60878265010A300592BA9 /* EuclidCircularB-MediumItalic.ttf */; };
		03E608A1265010A400592BA9 /* EuclidCircularB-SemiBold.woff2 in Resources */ = {isa = PBXBuildFile; fileRef = 03E60879265010A300592BA9 /* EuclidCircularB-SemiBold.woff2 */; };
		03E608A2265010A400592BA9 /* EuclidCircularB-Regular.eot in Resources */ = {isa = PBXBuildFile; fileRef = 03E6087A265010A300592BA9 /* EuclidCircularB-Regular.eot */; };
		03E608A3265010A400592BA9 /* EuclidCircularB-Medium.eot in Resources */ = {isa = PBXBuildFile; fileRef = 03E6087B265010A300592BA9 /* EuclidCircularB-Medium.eot */; };
		03E608A4265010A400592BA9 /* EuclidCircularB-BoldItalic.woff in Resources */ = {isa = PBXBuildFile; fileRef = 03E6087C265010A300592BA9 /* EuclidCircularB-BoldItalic.woff */; };
		03E608A5265010A400592BA9 /* EuclidCircularB-Light.eot in Resources */ = {isa = PBXBuildFile; fileRef = 03E6087D265010A300592BA9 /* EuclidCircularB-Light.eot */; };
		03E608A6265010A400592BA9 /* EuclidCircularB-Italic.woff2 in Resources */ = {isa = PBXBuildFile; fileRef = 03E6087E265010A300592BA9 /* EuclidCircularB-Italic.woff2 */; };
		03E608A7265010A400592BA9 /* EuclidCircularB-Bold.eot in Resources */ = {isa = PBXBuildFile; fileRef = 03E6087F265010A300592BA9 /* EuclidCircularB-Bold.eot */; };
		03E608A8265010A400592BA9 /* EuclidCircularB-SemiBoldItalic.eot in Resources */ = {isa = PBXBuildFile; fileRef = 03E60880265010A300592BA9 /* EuclidCircularB-SemiBoldItalic.eot */; };
		03E608A9265010A400592BA9 /* EuclidCircularB-Light.woff in Resources */ = {isa = PBXBuildFile; fileRef = 03E60881265010A300592BA9 /* EuclidCircularB-Light.woff */; };
		03E608AA265010A400592BA9 /* EuclidCircularB-Medium.woff in Resources */ = {isa = PBXBuildFile; fileRef = 03E60882265010A300592BA9 /* EuclidCircularB-Medium.woff */; };
		03E608AB265010A400592BA9 /* EuclidCircularB-Medium.woff2 in Resources */ = {isa = PBXBuildFile; fileRef = 03E60883265010A300592BA9 /* EuclidCircularB-Medium.woff2 */; };
		03E608AC265010A400592BA9 /* EuclidCircularB-Light.ttf in Resources */ = {isa = PBXBuildFile; fileRef = 03E60884265010A300592BA9 /* EuclidCircularB-Light.ttf */; };
		03E608AD265010A400592BA9 /* EuclidCircularB-MediumItalic.woff2 in Resources */ = {isa = PBXBuildFile; fileRef = 03E60885265010A300592BA9 /* EuclidCircularB-MediumItalic.woff2 */; };
		03E608AE265010A400592BA9 /* EuclidCircularB-LightItalic.woff2 in Resources */ = {isa = PBXBuildFile; fileRef = 03E60886265010A300592BA9 /* EuclidCircularB-LightItalic.woff2 */; };
		03E608AF265010A400592BA9 /* EuclidCircularB-LightItalic.eot in Resources */ = {isa = PBXBuildFile; fileRef = 03E60887265010A400592BA9 /* EuclidCircularB-LightItalic.eot */; };
		03E608B0265010A400592BA9 /* EuclidCircularB-MediumItalic.woff in Resources */ = {isa = PBXBuildFile; fileRef = 03E60888265010A400592BA9 /* EuclidCircularB-MediumItalic.woff */; };
		03E608B1265010A400592BA9 /* EuclidCircularB-SemiBold.ttf in Resources */ = {isa = PBXBuildFile; fileRef = 03E60889265010A400592BA9 /* EuclidCircularB-SemiBold.ttf */; };
		03E608B2265010A400592BA9 /* EuclidCircularB-Regular.woff2 in Resources */ = {isa = PBXBuildFile; fileRef = 03E6088A265010A400592BA9 /* EuclidCircularB-Regular.woff2 */; };
		03E608B3265010A400592BA9 /* EuclidCircularB-SemiBold.eot in Resources */ = {isa = PBXBuildFile; fileRef = 03E6088B265010A400592BA9 /* EuclidCircularB-SemiBold.eot */; };
		03E608B4265010A400592BA9 /* EuclidCircularB-SemiBold.woff in Resources */ = {isa = PBXBuildFile; fileRef = 03E6088C265010A400592BA9 /* EuclidCircularB-SemiBold.woff */; };
		03E608B5265010A400592BA9 /* EuclidCircularB-SemiBoldItalic.woff in Resources */ = {isa = PBXBuildFile; fileRef = 03E6088D265010A400592BA9 /* EuclidCircularB-SemiBoldItalic.woff */; };
		03E608B6265010A400592BA9 /* EuclidCircularB-Bold.ttf in Resources */ = {isa = PBXBuildFile; fileRef = 03E6088E265010A400592BA9 /* EuclidCircularB-Bold.ttf */; };
		03E608B7265010A400592BA9 /* EuclidCircularB-Regular.ttf in Resources */ = {isa = PBXBuildFile; fileRef = 03E6088F265010A400592BA9 /* EuclidCircularB-Regular.ttf */; };
		03E608B8265010A400592BA9 /* EuclidCircularB-Regular.woff in Resources */ = {isa = PBXBuildFile; fileRef = 03E60890265010A400592BA9 /* EuclidCircularB-Regular.woff */; };
		03E608B9265010A400592BA9 /* EuclidCircularB-Italic.woff in Resources */ = {isa = PBXBuildFile; fileRef = 03E60891265010A400592BA9 /* EuclidCircularB-Italic.woff */; };
		03E608BA265010A400592BA9 /* EuclidCircularB-LightItalic.woff in Resources */ = {isa = PBXBuildFile; fileRef = 03E60892265010A400592BA9 /* EuclidCircularB-LightItalic.woff */; };
		03E608BB265010A400592BA9 /* EuclidCircularB-Bold.woff2 in Resources */ = {isa = PBXBuildFile; fileRef = 03E60893265010A400592BA9 /* EuclidCircularB-Bold.woff2 */; };
		448810752E435437F0679CDF /* Poppins-Thin.ttf in Resources */ = {isa = PBXBuildFile; fileRef = 4488148FD03698AF133D6B38 /* Poppins-Thin.ttf */; };
		448810BF152A3B44C3280F18 /* HomeViewController.swift in Sources */ = {isa = PBXBuildFile; fileRef = 448812DF4A86FDAF6725FCDE /* HomeViewController.swift */; };
		448810C914E146F1C9643C39 /* CustomTextField.swift in Sources */ = {isa = PBXBuildFile; fileRef = 44881B7CF7D058D718D65746 /* CustomTextField.swift */; };
		4488117A6F0E591AEC346CA4 /* SceneDelegate.swift in Sources */ = {isa = PBXBuildFile; fileRef = 448812C8BA48E3C0BD67236C /* SceneDelegate.swift */; };
		448811E42B89DCCDF5BB1A1B /* UILabel.swift in Sources */ = {isa = PBXBuildFile; fileRef = 4488185991612FF563701D3F /* UILabel.swift */; };
		4488128FFD025B7B5268CA9F /* Poppins-ExtraBold.ttf in Resources */ = {isa = PBXBuildFile; fileRef = 44881F9E02FDD93FAF579E93 /* Poppins-ExtraBold.ttf */; };
		448812BF7ECD74BBFA893C0A /* Poppins-ThinItalic.ttf in Resources */ = {isa = PBXBuildFile; fileRef = 44881E7FC68238F98A1BA42D /* Poppins-ThinItalic.ttf */; };
		4488135DE7230DDFA031F592 /* uiTextField.swift in Sources */ = {isa = PBXBuildFile; fileRef = 4488104502D26F568ED5E63D /* uiTextField.swift */; };
		44881383EB17CD702A1F6980 /* UIImage.swift in Sources */ = {isa = PBXBuildFile; fileRef = 44881E97ECC7165B4E464E04 /* UIImage.swift */; };
		448813961D6485A3304D15A4 /* Poppins-Black.ttf in Resources */ = {isa = PBXBuildFile; fileRef = 44881C8CB41212DB5FD98C16 /* Poppins-Black.ttf */; };
		4488140CC54434AA7EAE0B5A /* Poppins-ExtraLightItalic.ttf in Resources */ = {isa = PBXBuildFile; fileRef = 448819E1914D67B4C3D9799C /* Poppins-ExtraLightItalic.ttf */; };
		448814A7C6B4F82749F6E424 /* addBrowserView.swift in Sources */ = {isa = PBXBuildFile; fileRef = 44881DAE0A3725EA9FF86DC5 /* addBrowserView.swift */; };
		448817153D91A6D6240006ED /* Poppins-Italic.ttf in Resources */ = {isa = PBXBuildFile; fileRef = 44881E7D4F02B665269937CC /* Poppins-Italic.ttf */; };
		4488179A4118D983DB413B5F /* Poppins-SemiBold.ttf in Resources */ = {isa = PBXBuildFile; fileRef = 4488185350F6141B3ECEA15E /* Poppins-SemiBold.ttf */; };
		448817BF6022CE28AF57CF69 /* Poppins-ExtraLight.ttf in Resources */ = {isa = PBXBuildFile; fileRef = 44881D576658703E39D33DEA /* Poppins-ExtraLight.ttf */; };
		448818181A83EA54287E09B9 /* Poppins-SemiBoldItalic.ttf in Resources */ = {isa = PBXBuildFile; fileRef = 448818771B085A3CB70A3053 /* Poppins-SemiBoldItalic.ttf */; };
		4488185CA653EF664FF986BE /* OFL.txt in Resources */ = {isa = PBXBuildFile; fileRef = 44881BB4BCE429B9CCB87135 /* OFL.txt */; };
		44881899A6167AA373808DB2 /* BrowserPaginateCard.swift in Sources */ = {isa = PBXBuildFile; fileRef = 44881B2403FBE98DEF1F2D01 /* BrowserPaginateCard.swift */; };
		448818DEBDF5821D0F89F5D9 /* Poppins-MediumItalic.ttf in Resources */ = {isa = PBXBuildFile; fileRef = 44881F0173A73037F0181B8F /* Poppins-MediumItalic.ttf */; };
		448819A24B2D97117D8AEBF8 /* Poppins-BoldItalic.ttf in Resources */ = {isa = PBXBuildFile; fileRef = 44881DE5F99FE101B0DFBBAA /* Poppins-BoldItalic.ttf */; };
		44881A26452A1D1A57063A72 /* FullScreenBrowserViewController.swift in Sources */ = {isa = PBXBuildFile; fileRef = 4488176D1EB1A71BDEE9D4B6 /* FullScreenBrowserViewController.swift */; };
		44881B4C5EF04FAC1B338E86 /* Poppins-Light.ttf in Resources */ = {isa = PBXBuildFile; fileRef = 44881A31B913D0982B6F5E32 /* Poppins-Light.ttf */; };
		44881B6B9AEDC407C67F1372 /* Poppins-BlackItalic.ttf in Resources */ = {isa = PBXBuildFile; fileRef = 44881B67A145ECE756011C7B /* Poppins-BlackItalic.ttf */; };
		44881B7BCEF5AC32C6D505EF /* Poppins-LightItalic.ttf in Resources */ = {isa = PBXBuildFile; fileRef = 4488124B922CD343A85DA773 /* Poppins-LightItalic.ttf */; };
		44881BB435CBD61E19D41C16 /* Poppins-Medium.ttf in Resources */ = {isa = PBXBuildFile; fileRef = 4488147A0753EEB0B63FC165 /* Poppins-Medium.ttf */; };
		44881D7C53253EC1EB94DE2F /* ic_plus.png in Resources */ = {isa = PBXBuildFile; fileRef = 448811B9F0D3EC5CFA65B1B6 /* ic_plus.png */; };
		44881E5656FB17EDA01DCBC7 /* Poppins-Bold.ttf in Resources */ = {isa = PBXBuildFile; fileRef = 448810C63D7AC2628202A0EF /* Poppins-Bold.ttf */; };
		44881F32FE7838B43CA42D81 /* Poppins-ExtraBoldItalic.ttf in Resources */ = {isa = PBXBuildFile; fileRef = 4488166CACD3D9CB9261AC5D /* Poppins-ExtraBoldItalic.ttf */; };
		44881F7021E62CA9F3520429 /* Poppins-Regular.ttf in Resources */ = {isa = PBXBuildFile; fileRef = 4488119022B9054946477D26 /* Poppins-Regular.ttf */; };
		E0BAD8908A5383F63C9D1D2D /* Pods_MyBrowserTests.framework in Frameworks */ = {isa = PBXBuildFile; fileRef = 16315B06E304DBD7AA4C186A /* Pods_MyBrowserTests.framework */; };
		E9F4B16F752582CE3CEA183F /* Pods_MyBrowser.framework in Frameworks */ = {isa = PBXBuildFile; fileRef = 3FCC801EC8F2772C85919FC3 /* Pods_MyBrowser.framework */; };
/* End PBXBuildFile section */

/* Begin PBXContainerItemProxy section */
		0349E85F2633F27C00B0391A /* PBXContainerItemProxy */ = {
			isa = PBXContainerItemProxy;
			containerPortal = 0349E8402633F27600B0391A /* Project object */;
			proxyType = 1;
			remoteGlobalIDString = 0349E8472633F27600B0391A;
			remoteInfo = MyBrowser;
		};
		0349E86A2633F27C00B0391A /* PBXContainerItemProxy */ = {
			isa = PBXContainerItemProxy;
			containerPortal = 0349E8402633F27600B0391A /* Project object */;
			proxyType = 1;
			remoteGlobalIDString = 0349E8472633F27600B0391A;
			remoteInfo = MyBrowser;
		};
/* End PBXContainerItemProxy section */

/* Begin PBXFileReference section */
		0345F969263DBB570059E5B1 /* CreateNewBrowserViewController.swift */ = {isa = PBXFileReference; lastKnownFileType = sourcecode.swift; path = CreateNewBrowserViewController.swift; sourceTree = "<group>"; };
		0345F96B263E35630059E5B1 /* CreateBrowserPopupView.swift */ = {isa = PBXFileReference; lastKnownFileType = sourcecode.swift; path = CreateBrowserPopupView.swift; sourceTree = "<group>"; };
		0345F96D263E3C910059E5B1 /* MyBrowserVC.swift */ = {isa = PBXFileReference; fileEncoding = 4; lastKnownFileType = sourcecode.swift; path = MyBrowserVC.swift; sourceTree = "<group>"; };
		0345F96F263E3D400059E5B1 /* BrowserAddVC.swift */ = {isa = PBXFileReference; fileEncoding = 4; lastKnownFileType = sourcecode.swift; path = BrowserAddVC.swift; sourceTree = "<group>"; };
		0345F971263E91ED0059E5B1 /* ic_cancel.png */ = {isa = PBXFileReference; lastKnownFileType = image.png; path = ic_cancel.png; sourceTree = "<group>"; };
		0345F973263EF6310059E5B1 /* CustomBrowserCell.swift */ = {isa = PBXFileReference; lastKnownFileType = sourcecode.swift; path = CustomBrowserCell.swift; sourceTree = "<group>"; };
		0345F975263F1D100059E5B1 /* ic_plus_white.png */ = {isa = PBXFileReference; lastKnownFileType = image.png; path = ic_plus_white.png; sourceTree = "<group>"; };
		0349E8482633F27600B0391A /* MyBrowser.app */ = {isa = PBXFileReference; explicitFileType = wrapper.application; includeInIndex = 0; path = MyBrowser.app; sourceTree = BUILT_PRODUCTS_DIR; };
		0349E84B2633F27600B0391A /* AppDelegate.swift */ = {isa = PBXFileReference; lastKnownFileType = sourcecode.swift; path = AppDelegate.swift; sourceTree = "<group>"; };
		0349E8542633F27C00B0391A /* Assets.xcassets */ = {isa = PBXFileReference; lastKnownFileType = folder.assetcatalog; path = Assets.xcassets; sourceTree = "<group>"; };
		0349E8572633F27C00B0391A /* Base */ = {isa = PBXFileReference; lastKnownFileType = file.storyboard; name = Base; path = Base.lproj/LaunchScreen.storyboard; sourceTree = "<group>"; };
		0349E8592633F27C00B0391A /* Info.plist */ = {isa = PBXFileReference; lastKnownFileType = text.plist.xml; path = Info.plist; sourceTree = "<group>"; };
		0349E85E2633F27C00B0391A /* MyBrowserTests.xctest */ = {isa = PBXFileReference; explicitFileType = wrapper.cfbundle; includeInIndex = 0; path = MyBrowserTests.xctest; sourceTree = BUILT_PRODUCTS_DIR; };
		0349E8622633F27C00B0391A /* MyBrowserTests.swift */ = {isa = PBXFileReference; lastKnownFileType = sourcecode.swift; path = MyBrowserTests.swift; sourceTree = "<group>"; };
		0349E8642633F27C00B0391A /* Info.plist */ = {isa = PBXFileReference; lastKnownFileType = text.plist.xml; path = Info.plist; sourceTree = "<group>"; };
		0349E8692633F27C00B0391A /* MyBrowserUITests.xctest */ = {isa = PBXFileReference; explicitFileType = wrapper.cfbundle; includeInIndex = 0; path = MyBrowserUITests.xctest; sourceTree = BUILT_PRODUCTS_DIR; };
		0349E86D2633F27C00B0391A /* MyBrowserUITests.swift */ = {isa = PBXFileReference; lastKnownFileType = sourcecode.swift; path = MyBrowserUITests.swift; sourceTree = "<group>"; };
		0349E86F2633F27C00B0391A /* Info.plist */ = {isa = PBXFileReference; lastKnownFileType = text.plist.xml; path = Info.plist; sourceTree = "<group>"; };
		0349E8812634344300B0391A /* XenonPNG 1.png */ = {isa = PBXFileReference; lastKnownFileType = image.png; path = "XenonPNG 1.png"; sourceTree = "<group>"; };
		0349E88326343BBF00B0391A /* Auth.storyboard */ = {isa = PBXFileReference; lastKnownFileType = file.storyboard; path = Auth.storyboard; sourceTree = "<group>"; };
		0349E88526343C9A00B0391A /* AuthViewController.swift */ = {isa = PBXFileReference; lastKnownFileType = sourcecode.swift; path = AuthViewController.swift; sourceTree = "<group>"; };
		0349E88A263440FC00B0391A /* extension.swift */ = {isa = PBXFileReference; lastKnownFileType = sourcecode.swift; path = extension.swift; sourceTree = "<group>"; };
		0349E88F26346FC500B0391A /* ic_message.png */ = {isa = PBXFileReference; lastKnownFileType = image.png; path = ic_message.png; sourceTree = "<group>"; };
		0349E891263474FC00B0391A /* ic_lock.png */ = {isa = PBXFileReference; lastKnownFileType = image.png; path = ic_lock.png; sourceTree = "<group>"; };
		0349E8972634C3D000B0391A /* ic_eye.png */ = {isa = PBXFileReference; lastKnownFileType = image.png; path = ic_eye.png; sourceTree = "<group>"; };
		0349E89A2635967D00B0391A /* BrowserView.xib */ = {isa = PBXFileReference; fileEncoding = 4; lastKnownFileType = file.xib; path = BrowserView.xib; sourceTree = "<group>"; };
		0349E89C2635D05800B0391A /* ic_home.png */ = {isa = PBXFileReference; lastKnownFileType = image.png; path = ic_home.png; sourceTree = "<group>"; };
		03E60865264FF8B600592BA9 /* CustomUITextFieldDelegate.swift */ = {isa = PBXFileReference; lastKnownFileType = sourcecode.swift; path = CustomUITextFieldDelegate.swift; sourceTree = "<group>"; };
		03E60867265009D100592BA9 /* ic_message_white.png */ = {isa = PBXFileReference; lastKnownFileType = image.png; path = ic_message_white.png; sourceTree = "<group>"; };
		03E6086926500D3000592BA9 /* ic_lock_white.png */ = {isa = PBXFileReference; lastKnownFileType = image.png; path = ic_lock_white.png; sourceTree = "<group>"; };
		03E6086C265010A200592BA9 /* EuclidCircularB-BoldItalic.eot */ = {isa = PBXFileReference; lastKnownFileType = file; path = "EuclidCircularB-BoldItalic.eot"; sourceTree = "<group>"; };
		03E6086D265010A200592BA9 /* EuclidCircularB-Medium.ttf */ = {isa = PBXFileReference; lastKnownFileType = file; path = "EuclidCircularB-Medium.ttf"; sourceTree = "<group>"; };
		03E6086E265010A300592BA9 /* EuclidCircularB-Italic.eot */ = {isa = PBXFileReference; lastKnownFileType = file; path = "EuclidCircularB-Italic.eot"; sourceTree = "<group>"; };
		03E6086F265010A300592BA9 /* EuclidCircularB-BoldItalic.woff2 */ = {isa = PBXFileReference; lastKnownFileType = file; path = "EuclidCircularB-BoldItalic.woff2"; sourceTree = "<group>"; };
		03E60870265010A300592BA9 /* EuclidCircularB-BoldItalic.ttf */ = {isa = PBXFileReference; lastKnownFileType = file; path = "EuclidCircularB-BoldItalic.ttf"; sourceTree = "<group>"; };
		03E60871265010A300592BA9 /* EuclidCircularB-LightItalic.ttf */ = {isa = PBXFileReference; lastKnownFileType = file; path = "EuclidCircularB-LightItalic.ttf"; sourceTree = "<group>"; };
		03E60872265010A300592BA9 /* EuclidCircularB-SemiBoldItalic.ttf */ = {isa = PBXFileReference; lastKnownFileType = file; path = "EuclidCircularB-SemiBoldItalic.ttf"; sourceTree = "<group>"; };
		03E60873265010A300592BA9 /* EuclidCircularB-SemiBoldItalic.woff2 */ = {isa = PBXFileReference; lastKnownFileType = file; path = "EuclidCircularB-SemiBoldItalic.woff2"; sourceTree = "<group>"; };
		03E60874265010A300592BA9 /* EuclidCircularB-Italic.ttf */ = {isa = PBXFileReference; lastKnownFileType = file; path = "EuclidCircularB-Italic.ttf"; sourceTree = "<group>"; };
		03E60875265010A300592BA9 /* EuclidCircularB-Light.woff2 */ = {isa = PBXFileReference; lastKnownFileType = file; path = "EuclidCircularB-Light.woff2"; sourceTree = "<group>"; };
		03E60876265010A300592BA9 /* EuclidCircularB-Bold.woff */ = {isa = PBXFileReference; lastKnownFileType = file; path = "EuclidCircularB-Bold.woff"; sourceTree = "<group>"; };
		03E60877265010A300592BA9 /* EuclidCircularB-MediumItalic.eot */ = {isa = PBXFileReference; lastKnownFileType = file; path = "EuclidCircularB-MediumItalic.eot"; sourceTree = "<group>"; };
		03E60878265010A300592BA9 /* EuclidCircularB-MediumItalic.ttf */ = {isa = PBXFileReference; lastKnownFileType = file; path = "EuclidCircularB-MediumItalic.ttf"; sourceTree = "<group>"; };
		03E60879265010A300592BA9 /* EuclidCircularB-SemiBold.woff2 */ = {isa = PBXFileReference; lastKnownFileType = file; path = "EuclidCircularB-SemiBold.woff2"; sourceTree = "<group>"; };
		03E6087A265010A300592BA9 /* EuclidCircularB-Regular.eot */ = {isa = PBXFileReference; lastKnownFileType = file; path = "EuclidCircularB-Regular.eot"; sourceTree = "<group>"; };
		03E6087B265010A300592BA9 /* EuclidCircularB-Medium.eot */ = {isa = PBXFileReference; lastKnownFileType = file; path = "EuclidCircularB-Medium.eot"; sourceTree = "<group>"; };
		03E6087C265010A300592BA9 /* EuclidCircularB-BoldItalic.woff */ = {isa = PBXFileReference; lastKnownFileType = file; path = "EuclidCircularB-BoldItalic.woff"; sourceTree = "<group>"; };
		03E6087D265010A300592BA9 /* EuclidCircularB-Light.eot */ = {isa = PBXFileReference; lastKnownFileType = file; path = "EuclidCircularB-Light.eot"; sourceTree = "<group>"; };
		03E6087E265010A300592BA9 /* EuclidCircularB-Italic.woff2 */ = {isa = PBXFileReference; lastKnownFileType = file; path = "EuclidCircularB-Italic.woff2"; sourceTree = "<group>"; };
		03E6087F265010A300592BA9 /* EuclidCircularB-Bold.eot */ = {isa = PBXFileReference; lastKnownFileType = file; path = "EuclidCircularB-Bold.eot"; sourceTree = "<group>"; };
		03E60880265010A300592BA9 /* EuclidCircularB-SemiBoldItalic.eot */ = {isa = PBXFileReference; lastKnownFileType = file; path = "EuclidCircularB-SemiBoldItalic.eot"; sourceTree = "<group>"; };
		03E60881265010A300592BA9 /* EuclidCircularB-Light.woff */ = {isa = PBXFileReference; lastKnownFileType = file; path = "EuclidCircularB-Light.woff"; sourceTree = "<group>"; };
		03E60882265010A300592BA9 /* EuclidCircularB-Medium.woff */ = {isa = PBXFileReference; lastKnownFileType = file; path = "EuclidCircularB-Medium.woff"; sourceTree = "<group>"; };
		03E60883265010A300592BA9 /* EuclidCircularB-Medium.woff2 */ = {isa = PBXFileReference; lastKnownFileType = file; path = "EuclidCircularB-Medium.woff2"; sourceTree = "<group>"; };
		03E60884265010A300592BA9 /* EuclidCircularB-Light.ttf */ = {isa = PBXFileReference; lastKnownFileType = file; path = "EuclidCircularB-Light.ttf"; sourceTree = "<group>"; };
		03E60885265010A300592BA9 /* EuclidCircularB-MediumItalic.woff2 */ = {isa = PBXFileReference; lastKnownFileType = file; path = "EuclidCircularB-MediumItalic.woff2"; sourceTree = "<group>"; };
		03E60886265010A300592BA9 /* EuclidCircularB-LightItalic.woff2 */ = {isa = PBXFileReference; lastKnownFileType = file; path = "EuclidCircularB-LightItalic.woff2"; sourceTree = "<group>"; };
		03E60887265010A400592BA9 /* EuclidCircularB-LightItalic.eot */ = {isa = PBXFileReference; lastKnownFileType = file; path = "EuclidCircularB-LightItalic.eot"; sourceTree = "<group>"; };
		03E60888265010A400592BA9 /* EuclidCircularB-MediumItalic.woff */ = {isa = PBXFileReference; lastKnownFileType = file; path = "EuclidCircularB-MediumItalic.woff"; sourceTree = "<group>"; };
		03E60889265010A400592BA9 /* EuclidCircularB-SemiBold.ttf */ = {isa = PBXFileReference; lastKnownFileType = file; path = "EuclidCircularB-SemiBold.ttf"; sourceTree = "<group>"; };
		03E6088A265010A400592BA9 /* EuclidCircularB-Regular.woff2 */ = {isa = PBXFileReference; lastKnownFileType = file; path = "EuclidCircularB-Regular.woff2"; sourceTree = "<group>"; };
		03E6088B265010A400592BA9 /* EuclidCircularB-SemiBold.eot */ = {isa = PBXFileReference; lastKnownFileType = file; path = "EuclidCircularB-SemiBold.eot"; sourceTree = "<group>"; };
		03E6088C265010A400592BA9 /* EuclidCircularB-SemiBold.woff */ = {isa = PBXFileReference; lastKnownFileType = file; path = "EuclidCircularB-SemiBold.woff"; sourceTree = "<group>"; };
		03E6088D265010A400592BA9 /* EuclidCircularB-SemiBoldItalic.woff */ = {isa = PBXFileReference; lastKnownFileType = file; path = "EuclidCircularB-SemiBoldItalic.woff"; sourceTree = "<group>"; };
		03E6088E265010A400592BA9 /* EuclidCircularB-Bold.ttf */ = {isa = PBXFileReference; lastKnownFileType = file; path = "EuclidCircularB-Bold.ttf"; sourceTree = "<group>"; };
		03E6088F265010A400592BA9 /* EuclidCircularB-Regular.ttf */ = {isa = PBXFileReference; lastKnownFileType = file; path = "EuclidCircularB-Regular.ttf"; sourceTree = "<group>"; };
		03E60890265010A400592BA9 /* EuclidCircularB-Regular.woff */ = {isa = PBXFileReference; lastKnownFileType = file; path = "EuclidCircularB-Regular.woff"; sourceTree = "<group>"; };
		03E60891265010A400592BA9 /* EuclidCircularB-Italic.woff */ = {isa = PBXFileReference; lastKnownFileType = file; path = "EuclidCircularB-Italic.woff"; sourceTree = "<group>"; };
		03E60892265010A400592BA9 /* EuclidCircularB-LightItalic.woff */ = {isa = PBXFileReference; lastKnownFileType = file; path = "EuclidCircularB-LightItalic.woff"; sourceTree = "<group>"; };
		03E60893265010A400592BA9 /* EuclidCircularB-Bold.woff2 */ = {isa = PBXFileReference; lastKnownFileType = file; path = "EuclidCircularB-Bold.woff2"; sourceTree = "<group>"; };
		16315B06E304DBD7AA4C186A /* Pods_MyBrowserTests.framework */ = {isa = PBXFileReference; explicitFileType = wrapper.framework; includeInIndex = 0; path = Pods_MyBrowserTests.framework; sourceTree = BUILT_PRODUCTS_DIR; };
		2DEB80D0B6365431AC1D58D1 /* Pods-MyBrowserTests.release.xcconfig */ = {isa = PBXFileReference; includeInIndex = 1; lastKnownFileType = text.xcconfig; name = "Pods-MyBrowserTests.release.xcconfig"; path = "Target Support Files/Pods-MyBrowserTests/Pods-MyBrowserTests.release.xcconfig"; sourceTree = "<group>"; };
		3FCC801EC8F2772C85919FC3 /* Pods_MyBrowser.framework */ = {isa = PBXFileReference; explicitFileType = wrapper.framework; includeInIndex = 0; path = Pods_MyBrowser.framework; sourceTree = BUILT_PRODUCTS_DIR; };
		4488104502D26F568ED5E63D /* uiTextField.swift */ = {isa = PBXFileReference; fileEncoding = 4; lastKnownFileType = sourcecode.swift; path = uiTextField.swift; sourceTree = "<group>"; };
		448810C63D7AC2628202A0EF /* Poppins-Bold.ttf */ = {isa = PBXFileReference; lastKnownFileType = file.ttf; path = "Poppins-Bold.ttf"; sourceTree = "<group>"; };
		4488119022B9054946477D26 /* Poppins-Regular.ttf */ = {isa = PBXFileReference; lastKnownFileType = file.ttf; path = "Poppins-Regular.ttf"; sourceTree = "<group>"; };
		448811B9F0D3EC5CFA65B1B6 /* ic_plus.png */ = {isa = PBXFileReference; lastKnownFileType = image.png; path = ic_plus.png; sourceTree = "<group>"; };
		4488124B922CD343A85DA773 /* Poppins-LightItalic.ttf */ = {isa = PBXFileReference; lastKnownFileType = file.ttf; path = "Poppins-LightItalic.ttf"; sourceTree = "<group>"; };
		448812C8BA48E3C0BD67236C /* SceneDelegate.swift */ = {isa = PBXFileReference; fileEncoding = 4; lastKnownFileType = sourcecode.swift; path = SceneDelegate.swift; sourceTree = "<group>"; };
		448812DF4A86FDAF6725FCDE /* HomeViewController.swift */ = {isa = PBXFileReference; fileEncoding = 4; lastKnownFileType = sourcecode.swift; path = HomeViewController.swift; sourceTree = "<group>"; };
		4488147A0753EEB0B63FC165 /* Poppins-Medium.ttf */ = {isa = PBXFileReference; lastKnownFileType = file.ttf; path = "Poppins-Medium.ttf"; sourceTree = "<group>"; };
		4488148FD03698AF133D6B38 /* Poppins-Thin.ttf */ = {isa = PBXFileReference; lastKnownFileType = file.ttf; path = "Poppins-Thin.ttf"; sourceTree = "<group>"; };
		4488166CACD3D9CB9261AC5D /* Poppins-ExtraBoldItalic.ttf */ = {isa = PBXFileReference; lastKnownFileType = file.ttf; path = "Poppins-ExtraBoldItalic.ttf"; sourceTree = "<group>"; };
		4488176D1EB1A71BDEE9D4B6 /* FullScreenBrowserViewController.swift */ = {isa = PBXFileReference; fileEncoding = 4; lastKnownFileType = sourcecode.swift; path = FullScreenBrowserViewController.swift; sourceTree = "<group>"; };
		4488185350F6141B3ECEA15E /* Poppins-SemiBold.ttf */ = {isa = PBXFileReference; lastKnownFileType = file.ttf; path = "Poppins-SemiBold.ttf"; sourceTree = "<group>"; };
		4488185991612FF563701D3F /* UILabel.swift */ = {isa = PBXFileReference; fileEncoding = 4; lastKnownFileType = sourcecode.swift; path = UILabel.swift; sourceTree = "<group>"; };
		448818771B085A3CB70A3053 /* Poppins-SemiBoldItalic.ttf */ = {isa = PBXFileReference; lastKnownFileType = file.ttf; path = "Poppins-SemiBoldItalic.ttf"; sourceTree = "<group>"; };
		448819E1914D67B4C3D9799C /* Poppins-ExtraLightItalic.ttf */ = {isa = PBXFileReference; lastKnownFileType = file.ttf; path = "Poppins-ExtraLightItalic.ttf"; sourceTree = "<group>"; };
		44881A31B913D0982B6F5E32 /* Poppins-Light.ttf */ = {isa = PBXFileReference; lastKnownFileType = file.ttf; path = "Poppins-Light.ttf"; sourceTree = "<group>"; };
		44881B2403FBE98DEF1F2D01 /* BrowserPaginateCard.swift */ = {isa = PBXFileReference; fileEncoding = 4; lastKnownFileType = sourcecode.swift; path = BrowserPaginateCard.swift; sourceTree = "<group>"; };
		44881B67A145ECE756011C7B /* Poppins-BlackItalic.ttf */ = {isa = PBXFileReference; lastKnownFileType = file.ttf; path = "Poppins-BlackItalic.ttf"; sourceTree = "<group>"; };
		44881B7CF7D058D718D65746 /* CustomTextField.swift */ = {isa = PBXFileReference; fileEncoding = 4; lastKnownFileType = sourcecode.swift; path = CustomTextField.swift; sourceTree = "<group>"; };
		44881BB4BCE429B9CCB87135 /* OFL.txt */ = {isa = PBXFileReference; fileEncoding = 4; lastKnownFileType = text; path = OFL.txt; sourceTree = "<group>"; };
		44881C8CB41212DB5FD98C16 /* Poppins-Black.ttf */ = {isa = PBXFileReference; lastKnownFileType = file.ttf; path = "Poppins-Black.ttf"; sourceTree = "<group>"; };
		44881D576658703E39D33DEA /* Poppins-ExtraLight.ttf */ = {isa = PBXFileReference; lastKnownFileType = file.ttf; path = "Poppins-ExtraLight.ttf"; sourceTree = "<group>"; };
		44881DAE0A3725EA9FF86DC5 /* addBrowserView.swift */ = {isa = PBXFileReference; fileEncoding = 4; lastKnownFileType = sourcecode.swift; path = addBrowserView.swift; sourceTree = "<group>"; };
		44881DE5F99FE101B0DFBBAA /* Poppins-BoldItalic.ttf */ = {isa = PBXFileReference; lastKnownFileType = file.ttf; path = "Poppins-BoldItalic.ttf"; sourceTree = "<group>"; };
		44881E7D4F02B665269937CC /* Poppins-Italic.ttf */ = {isa = PBXFileReference; lastKnownFileType = file.ttf; path = "Poppins-Italic.ttf"; sourceTree = "<group>"; };
		44881E7FC68238F98A1BA42D /* Poppins-ThinItalic.ttf */ = {isa = PBXFileReference; lastKnownFileType = file.ttf; path = "Poppins-ThinItalic.ttf"; sourceTree = "<group>"; };
		44881E97ECC7165B4E464E04 /* UIImage.swift */ = {isa = PBXFileReference; fileEncoding = 4; lastKnownFileType = sourcecode.swift; path = UIImage.swift; sourceTree = "<group>"; };
		44881F0173A73037F0181B8F /* Poppins-MediumItalic.ttf */ = {isa = PBXFileReference; lastKnownFileType = file.ttf; path = "Poppins-MediumItalic.ttf"; sourceTree = "<group>"; };
		44881F9E02FDD93FAF579E93 /* Poppins-ExtraBold.ttf */ = {isa = PBXFileReference; lastKnownFileType = file.ttf; path = "Poppins-ExtraBold.ttf"; sourceTree = "<group>"; };
		8D736CCD9F4A25837C9149FC /* Pods-MyBrowser-MyBrowserUITests.release.xcconfig */ = {isa = PBXFileReference; includeInIndex = 1; lastKnownFileType = text.xcconfig; name = "Pods-MyBrowser-MyBrowserUITests.release.xcconfig"; path = "Target Support Files/Pods-MyBrowser-MyBrowserUITests/Pods-MyBrowser-MyBrowserUITests.release.xcconfig"; sourceTree = "<group>"; };
		97DD6DC888D8051C2C28CBFB /* Pods-MyBrowserTests.debug.xcconfig */ = {isa = PBXFileReference; includeInIndex = 1; lastKnownFileType = text.xcconfig; name = "Pods-MyBrowserTests.debug.xcconfig"; path = "Target Support Files/Pods-MyBrowserTests/Pods-MyBrowserTests.debug.xcconfig"; sourceTree = "<group>"; };
		AFC37453B1D10322351A5BEA /* Pods-MyBrowser-MyBrowserUITests.debug.xcconfig */ = {isa = PBXFileReference; includeInIndex = 1; lastKnownFileType = text.xcconfig; name = "Pods-MyBrowser-MyBrowserUITests.debug.xcconfig"; path = "Target Support Files/Pods-MyBrowser-MyBrowserUITests/Pods-MyBrowser-MyBrowserUITests.debug.xcconfig"; sourceTree = "<group>"; };
		BDBEB2AF67A91B1399F731F5 /* Pods_MyBrowser_MyBrowserUITests.framework */ = {isa = PBXFileReference; explicitFileType = wrapper.framework; includeInIndex = 0; path = Pods_MyBrowser_MyBrowserUITests.framework; sourceTree = BUILT_PRODUCTS_DIR; };
		CF72E83EAC3A8D48E07F0908 /* Pods-MyBrowser.debug.xcconfig */ = {isa = PBXFileReference; includeInIndex = 1; lastKnownFileType = text.xcconfig; name = "Pods-MyBrowser.debug.xcconfig"; path = "Target Support Files/Pods-MyBrowser/Pods-MyBrowser.debug.xcconfig"; sourceTree = "<group>"; };
		FC2F776F054E3E68AEE4015E /* Pods-MyBrowser.release.xcconfig */ = {isa = PBXFileReference; includeInIndex = 1; lastKnownFileType = text.xcconfig; name = "Pods-MyBrowser.release.xcconfig"; path = "Target Support Files/Pods-MyBrowser/Pods-MyBrowser.release.xcconfig"; sourceTree = "<group>"; };
/* End PBXFileReference section */

/* Begin PBXFrameworksBuildPhase section */
		0349E8452633F27600B0391A /* Frameworks */ = {
			isa = PBXFrameworksBuildPhase;
			buildActionMask = 2147483647;
			files = (
				E9F4B16F752582CE3CEA183F /* Pods_MyBrowser.framework in Frameworks */,
			);
			runOnlyForDeploymentPostprocessing = 0;
		};
		0349E85B2633F27C00B0391A /* Frameworks */ = {
			isa = PBXFrameworksBuildPhase;
			buildActionMask = 2147483647;
			files = (
				E0BAD8908A5383F63C9D1D2D /* Pods_MyBrowserTests.framework in Frameworks */,
			);
			runOnlyForDeploymentPostprocessing = 0;
		};
		0349E8662633F27C00B0391A /* Frameworks */ = {
			isa = PBXFrameworksBuildPhase;
			buildActionMask = 2147483647;
			files = (
				00063BDD4E4902908736BDC2 /* Pods_MyBrowser_MyBrowserUITests.framework in Frameworks */,
			);
			runOnlyForDeploymentPostprocessing = 0;
		};
/* End PBXFrameworksBuildPhase section */

/* Begin PBXGroup section */
		0349E83F2633F27600B0391A = {
			isa = PBXGroup;
			children = (
				0349E84A2633F27600B0391A /* MyBrowser */,
				0349E8612633F27C00B0391A /* MyBrowserTests */,
				0349E86C2633F27C00B0391A /* MyBrowserUITests */,
				0349E8492633F27600B0391A /* Products */,
				DEF62E83B653A4849697C4CE /* Frameworks */,
				2B6CAC1B2018D2D59E7F2F17 /* Pods */,
			);
			sourceTree = "<group>";
		};
		0349E8492633F27600B0391A /* Products */ = {
			isa = PBXGroup;
			children = (
				0349E8482633F27600B0391A /* MyBrowser.app */,
				0349E85E2633F27C00B0391A /* MyBrowserTests.xctest */,
				0349E8692633F27C00B0391A /* MyBrowserUITests.xctest */,
			);
			name = Products;
			sourceTree = "<group>";
		};
		0349E84A2633F27600B0391A /* MyBrowser */ = {
			isa = PBXGroup;
			children = (
				0349E8962634BC7600B0391A /* extensions */,
				0349E8932634BC5100B0391A /* views */,
				0349E88726343F6100B0391A /* utils */,
				0349E87F263433B800B0391A /* assets */,
				0349E84B2633F27600B0391A /* AppDelegate.swift */,
				0349E8542633F27C00B0391A /* Assets.xcassets */,
				0349E8562633F27C00B0391A /* LaunchScreen.storyboard */,
				0349E8592633F27C00B0391A /* Info.plist */,
				0349E88326343BBF00B0391A /* Auth.storyboard */,
				0349E88526343C9A00B0391A /* AuthViewController.swift */,
				448812C8BA48E3C0BD67236C /* SceneDelegate.swift */,
			);
			path = MyBrowser;
			sourceTree = "<group>";
		};
		0349E8612633F27C00B0391A /* MyBrowserTests */ = {
			isa = PBXGroup;
			children = (
				0349E8622633F27C00B0391A /* MyBrowserTests.swift */,
				0349E8642633F27C00B0391A /* Info.plist */,
			);
			path = MyBrowserTests;
			sourceTree = "<group>";
		};
		0349E86C2633F27C00B0391A /* MyBrowserUITests */ = {
			isa = PBXGroup;
			children = (
				0349E86D2633F27C00B0391A /* MyBrowserUITests.swift */,
				0349E86F2633F27C00B0391A /* Info.plist */,
			);
			path = MyBrowserUITests;
			sourceTree = "<group>";
		};
		0349E87F263433B800B0391A /* assets */ = {
			isa = PBXGroup;
			children = (
				0349E880263433D100B0391A /* images */,
				4488197BF9F9E01B552BF50B /* fonts */,
			);
			path = assets;
			sourceTree = "<group>";
		};
		0349E880263433D100B0391A /* images */ = {
			isa = PBXGroup;
			children = (
				0349E88C26346F3D00B0391A /* icons */,
				0349E8812634344300B0391A /* XenonPNG 1.png */,
			);
			path = images;
			sourceTree = "<group>";
		};
		0349E88726343F6100B0391A /* utils */ = {
			isa = PBXGroup;
			children = (
				0349E88A263440FC00B0391A /* extension.swift */,
				44881B7CF7D058D718D65746 /* CustomTextField.swift */,
				03E60865264FF8B600592BA9 /* CustomUITextFieldDelegate.swift */,
			);
			path = utils;
			sourceTree = "<group>";
		};
		0349E88C26346F3D00B0391A /* icons */ = {
			isa = PBXGroup;
			children = (
				03E6086926500D3000592BA9 /* ic_lock_white.png */,
				03E60867265009D100592BA9 /* ic_message_white.png */,
				0345F975263F1D100059E5B1 /* ic_plus_white.png */,
				0345F971263E91ED0059E5B1 /* ic_cancel.png */,
				0349E89C2635D05800B0391A /* ic_home.png */,
				0349E8972634C3D000B0391A /* ic_eye.png */,
				0349E891263474FC00B0391A /* ic_lock.png */,
				0349E88F26346FC500B0391A /* ic_message.png */,
				448811B9F0D3EC5CFA65B1B6 /* ic_plus.png */,
			);
			path = icons;
			sourceTree = "<group>";
		};
		0349E8932634BC5100B0391A /* views */ = {
			isa = PBXGroup;
			children = (
				0349E8992635572A00B0391A /* xib */,
				0349E8952634BC6100B0391A /* viewController */,
				0349E8942634BC5A00B0391A /* storyboard */,
				44881D8BB8315330971A827B /* customViews */,
			);
			path = views;
			sourceTree = "<group>";
		};
		0349E8942634BC5A00B0391A /* storyboard */ = {
			isa = PBXGroup;
			children = (
			);
			path = storyboard;
			sourceTree = "<group>";
		};
		0349E8952634BC6100B0391A /* viewController */ = {
			isa = PBXGroup;
			children = (
				0345F96F263E3D400059E5B1 /* BrowserAddVC.swift */,
				0345F96D263E3C910059E5B1 /* MyBrowserVC.swift */,
				448812DF4A86FDAF6725FCDE /* HomeViewController.swift */,
				0345F969263DBB570059E5B1 /* CreateNewBrowserViewController.swift */,
				4488176D1EB1A71BDEE9D4B6 /* FullScreenBrowserViewController.swift */,
			);
			path = viewController;
			sourceTree = "<group>";
		};
		0349E8962634BC7600B0391A /* extensions */ = {
			isa = PBXGroup;
			children = (
				4488104502D26F568ED5E63D /* uiTextField.swift */,
				44881E97ECC7165B4E464E04 /* UIImage.swift */,
				4488185991612FF563701D3F /* UILabel.swift */,
			);
			path = extensions;
			sourceTree = "<group>";
		};
		0349E8992635572A00B0391A /* xib */ = {
			isa = PBXGroup;
			children = (
				0349E89A2635967D00B0391A /* BrowserView.xib */,
			);
			path = xib;
			sourceTree = "<group>";
		};
		03E6086B2650101E00592BA9 /* Euclide */ = {
			isa = PBXGroup;
			children = (
				03E6087F265010A300592BA9 /* EuclidCircularB-Bold.eot */,
				03E6088E265010A400592BA9 /* EuclidCircularB-Bold.ttf */,
				03E60876265010A300592BA9 /* EuclidCircularB-Bold.woff */,
				03E60893265010A400592BA9 /* EuclidCircularB-Bold.woff2 */,
				03E6086C265010A200592BA9 /* EuclidCircularB-BoldItalic.eot */,
				03E60870265010A300592BA9 /* EuclidCircularB-BoldItalic.ttf */,
				03E6087C265010A300592BA9 /* EuclidCircularB-BoldItalic.woff */,
				03E6086F265010A300592BA9 /* EuclidCircularB-BoldItalic.woff2 */,
				03E6086E265010A300592BA9 /* EuclidCircularB-Italic.eot */,
				03E60874265010A300592BA9 /* EuclidCircularB-Italic.ttf */,
				03E60891265010A400592BA9 /* EuclidCircularB-Italic.woff */,
				03E6087E265010A300592BA9 /* EuclidCircularB-Italic.woff2 */,
				03E6087D265010A300592BA9 /* EuclidCircularB-Light.eot */,
				03E60884265010A300592BA9 /* EuclidCircularB-Light.ttf */,
				03E60881265010A300592BA9 /* EuclidCircularB-Light.woff */,
				03E60875265010A300592BA9 /* EuclidCircularB-Light.woff2 */,
				03E60887265010A400592BA9 /* EuclidCircularB-LightItalic.eot */,
				03E60871265010A300592BA9 /* EuclidCircularB-LightItalic.ttf */,
				03E60892265010A400592BA9 /* EuclidCircularB-LightItalic.woff */,
				03E60886265010A300592BA9 /* EuclidCircularB-LightItalic.woff2 */,
				03E6087B265010A300592BA9 /* EuclidCircularB-Medium.eot */,
				03E6086D265010A200592BA9 /* EuclidCircularB-Medium.ttf */,
				03E60882265010A300592BA9 /* EuclidCircularB-Medium.woff */,
				03E60883265010A300592BA9 /* EuclidCircularB-Medium.woff2 */,
				03E60877265010A300592BA9 /* EuclidCircularB-MediumItalic.eot */,
				03E60878265010A300592BA9 /* EuclidCircularB-MediumItalic.ttf */,
				03E60888265010A400592BA9 /* EuclidCircularB-MediumItalic.woff */,
				03E60885265010A300592BA9 /* EuclidCircularB-MediumItalic.woff2 */,
				03E6087A265010A300592BA9 /* EuclidCircularB-Regular.eot */,
				03E6088F265010A400592BA9 /* EuclidCircularB-Regular.ttf */,
				03E60890265010A400592BA9 /* EuclidCircularB-Regular.woff */,
				03E6088A265010A400592BA9 /* EuclidCircularB-Regular.woff2 */,
				03E6088B265010A400592BA9 /* EuclidCircularB-SemiBold.eot */,
				03E60889265010A400592BA9 /* EuclidCircularB-SemiBold.ttf */,
				03E6088C265010A400592BA9 /* EuclidCircularB-SemiBold.woff */,
				03E60879265010A300592BA9 /* EuclidCircularB-SemiBold.woff2 */,
				03E60880265010A300592BA9 /* EuclidCircularB-SemiBoldItalic.eot */,
				03E60872265010A300592BA9 /* EuclidCircularB-SemiBoldItalic.ttf */,
				03E6088D265010A400592BA9 /* EuclidCircularB-SemiBoldItalic.woff */,
				03E60873265010A300592BA9 /* EuclidCircularB-SemiBoldItalic.woff2 */,
			);
			path = Euclide;
			sourceTree = "<group>";
		};
		2B6CAC1B2018D2D59E7F2F17 /* Pods */ = {
			isa = PBXGroup;
			children = (
				CF72E83EAC3A8D48E07F0908 /* Pods-MyBrowser.debug.xcconfig */,
				FC2F776F054E3E68AEE4015E /* Pods-MyBrowser.release.xcconfig */,
				AFC37453B1D10322351A5BEA /* Pods-MyBrowser-MyBrowserUITests.debug.xcconfig */,
				8D736CCD9F4A25837C9149FC /* Pods-MyBrowser-MyBrowserUITests.release.xcconfig */,
				97DD6DC888D8051C2C28CBFB /* Pods-MyBrowserTests.debug.xcconfig */,
				2DEB80D0B6365431AC1D58D1 /* Pods-MyBrowserTests.release.xcconfig */,
			);
			path = Pods;
			sourceTree = "<group>";
		};
		4488197BF9F9E01B552BF50B /* fonts */ = {
			isa = PBXGroup;
			children = (
				03E6086B2650101E00592BA9 /* Euclide */,
				44881C03876061049409DA95 /* Poppins */,
			);
			path = fonts;
			sourceTree = "<group>";
		};
		44881C03876061049409DA95 /* Poppins */ = {
			isa = PBXGroup;
			children = (
				44881BB4BCE429B9CCB87135 /* OFL.txt */,
				448810C63D7AC2628202A0EF /* Poppins-Bold.ttf */,
				4488148FD03698AF133D6B38 /* Poppins-Thin.ttf */,
				44881C8CB41212DB5FD98C16 /* Poppins-Black.ttf */,
				44881A31B913D0982B6F5E32 /* Poppins-Light.ttf */,
				44881E7D4F02B665269937CC /* Poppins-Italic.ttf */,
				4488147A0753EEB0B63FC165 /* Poppins-Medium.ttf */,
				4488119022B9054946477D26 /* Poppins-Regular.ttf */,
				4488185350F6141B3ECEA15E /* Poppins-SemiBold.ttf */,
				44881F9E02FDD93FAF579E93 /* Poppins-ExtraBold.ttf */,
				44881DE5F99FE101B0DFBBAA /* Poppins-BoldItalic.ttf */,
				44881D576658703E39D33DEA /* Poppins-ExtraLight.ttf */,
				44881E7FC68238F98A1BA42D /* Poppins-ThinItalic.ttf */,
				44881B67A145ECE756011C7B /* Poppins-BlackItalic.ttf */,
				4488124B922CD343A85DA773 /* Poppins-LightItalic.ttf */,
				44881F0173A73037F0181B8F /* Poppins-MediumItalic.ttf */,
				448818771B085A3CB70A3053 /* Poppins-SemiBoldItalic.ttf */,
				4488166CACD3D9CB9261AC5D /* Poppins-ExtraBoldItalic.ttf */,
				448819E1914D67B4C3D9799C /* Poppins-ExtraLightItalic.ttf */,
			);
			path = Poppins;
			sourceTree = "<group>";
		};
		44881D8BB8315330971A827B /* customViews */ = {
			isa = PBXGroup;
			children = (
				44881DAE0A3725EA9FF86DC5 /* addBrowserView.swift */,
				0345F96B263E35630059E5B1 /* CreateBrowserPopupView.swift */,
				0345F973263EF6310059E5B1 /* CustomBrowserCell.swift */,
				44881B2403FBE98DEF1F2D01 /* BrowserPaginateCard.swift */,
			);
			path = customViews;
			sourceTree = "<group>";
		};
		DEF62E83B653A4849697C4CE /* Frameworks */ = {
			isa = PBXGroup;
			children = (
				3FCC801EC8F2772C85919FC3 /* Pods_MyBrowser.framework */,
				BDBEB2AF67A91B1399F731F5 /* Pods_MyBrowser_MyBrowserUITests.framework */,
				16315B06E304DBD7AA4C186A /* Pods_MyBrowserTests.framework */,
			);
			name = Frameworks;
			sourceTree = "<group>";
		};
/* End PBXGroup section */

/* Begin PBXNativeTarget section */
		0349E8472633F27600B0391A /* MyBrowser */ = {
			isa = PBXNativeTarget;
			buildConfigurationList = 0349E8722633F27C00B0391A /* Build configuration list for PBXNativeTarget "MyBrowser" */;
			buildPhases = (
				04823BD052BF8CCE42FDD8AE /* [CP] Check Pods Manifest.lock */,
				0349E8442633F27600B0391A /* Sources */,
				0349E8452633F27600B0391A /* Frameworks */,
				0349E8462633F27600B0391A /* Resources */,
			);
			buildRules = (
			);
			dependencies = (
			);
			name = MyBrowser;
			productName = MyBrowser;
			productReference = 0349E8482633F27600B0391A /* MyBrowser.app */;
			productType = "com.apple.product-type.application";
		};
		0349E85D2633F27C00B0391A /* MyBrowserTests */ = {
			isa = PBXNativeTarget;
			buildConfigurationList = 0349E8752633F27C00B0391A /* Build configuration list for PBXNativeTarget "MyBrowserTests" */;
			buildPhases = (
				099D6D58377743CAC3DABE58 /* [CP] Check Pods Manifest.lock */,
				0349E85A2633F27C00B0391A /* Sources */,
				0349E85B2633F27C00B0391A /* Frameworks */,
				0349E85C2633F27C00B0391A /* Resources */,
			);
			buildRules = (
			);
			dependencies = (
				0349E8602633F27C00B0391A /* PBXTargetDependency */,
			);
			name = MyBrowserTests;
			productName = MyBrowserTests;
			productReference = 0349E85E2633F27C00B0391A /* MyBrowserTests.xctest */;
			productType = "com.apple.product-type.bundle.unit-test";
		};
		0349E8682633F27C00B0391A /* MyBrowserUITests */ = {
			isa = PBXNativeTarget;
			buildConfigurationList = 0349E8782633F27C00B0391A /* Build configuration list for PBXNativeTarget "MyBrowserUITests" */;
			buildPhases = (
				5531080888B34A54F746F3F3 /* [CP] Check Pods Manifest.lock */,
				0349E8652633F27C00B0391A /* Sources */,
				0349E8662633F27C00B0391A /* Frameworks */,
				0349E8672633F27C00B0391A /* Resources */,
			);
			buildRules = (
			);
			dependencies = (
				0349E86B2633F27C00B0391A /* PBXTargetDependency */,
			);
			name = MyBrowserUITests;
			productName = MyBrowserUITests;
			productReference = 0349E8692633F27C00B0391A /* MyBrowserUITests.xctest */;
			productType = "com.apple.product-type.bundle.ui-testing";
		};
/* End PBXNativeTarget section */

/* Begin PBXProject section */
		0349E8402633F27600B0391A /* Project object */ = {
			isa = PBXProject;
			attributes = {
				LastSwiftUpdateCheck = 1160;
				LastUpgradeCheck = 1160;
				ORGANIZATIONNAME = Dreammore;
				TargetAttributes = {
					0349E8472633F27600B0391A = {
						CreatedOnToolsVersion = 11.6;
					};
					0349E85D2633F27C00B0391A = {
						CreatedOnToolsVersion = 11.6;
						TestTargetID = 0349E8472633F27600B0391A;
					};
					0349E8682633F27C00B0391A = {
						CreatedOnToolsVersion = 11.6;
						TestTargetID = 0349E8472633F27600B0391A;
					};
				};
			};
			buildConfigurationList = 0349E8432633F27600B0391A /* Build configuration list for PBXProject "MyBrowser" */;
			compatibilityVersion = "Xcode 9.3";
			developmentRegion = en;
			hasScannedForEncodings = 0;
			knownRegions = (
				en,
				Base,
			);
			mainGroup = 0349E83F2633F27600B0391A;
			productRefGroup = 0349E8492633F27600B0391A /* Products */;
			projectDirPath = "";
			projectRoot = "";
			targets = (
				0349E8472633F27600B0391A /* MyBrowser */,
				0349E85D2633F27C00B0391A /* MyBrowserTests */,
				0349E8682633F27C00B0391A /* MyBrowserUITests */,
			);
		};
/* End PBXProject section */

/* Begin PBXResourcesBuildPhase section */
		0349E8462633F27600B0391A /* Resources */ = {
			isa = PBXResourcesBuildPhase;
			buildActionMask = 2147483647;
			files = (
				03E6089C265010A400592BA9 /* EuclidCircularB-Italic.ttf in Resources */,
				0349E8582633F27C00B0391A /* LaunchScreen.storyboard in Resources */,
				0349E8552633F27C00B0391A /* Assets.xcassets in Resources */,
				03E6089B265010A400592BA9 /* EuclidCircularB-SemiBoldItalic.woff2 in Resources */,
				0349E89D2635D05900B0391A /* ic_home.png in Resources */,
				03E60897265010A400592BA9 /* EuclidCircularB-BoldItalic.woff2 in Resources */,
				03E608B4265010A400592BA9 /* EuclidCircularB-SemiBold.woff in Resources */,
				03E608B6265010A400592BA9 /* EuclidCircularB-Bold.ttf in Resources */,
				03E608AA265010A400592BA9 /* EuclidCircularB-Medium.woff in Resources */,
				03E608B1265010A400592BA9 /* EuclidCircularB-SemiBold.ttf in Resources */,
				03E608A9265010A400592BA9 /* EuclidCircularB-Light.woff in Resources */,
				03E608A1265010A400592BA9 /* EuclidCircularB-SemiBold.woff2 in Resources */,
				03E608AB265010A400592BA9 /* EuclidCircularB-Medium.woff2 in Resources */,
				03E6089D265010A400592BA9 /* EuclidCircularB-Light.woff2 in Resources */,
				03E608A5265010A400592BA9 /* EuclidCircularB-Light.eot in Resources */,
				03E608AD265010A400592BA9 /* EuclidCircularB-MediumItalic.woff2 in Resources */,
				03E608AE265010A400592BA9 /* EuclidCircularB-LightItalic.woff2 in Resources */,
				0349E892263474FC00B0391A /* ic_lock.png in Resources */,
				03E6089E265010A400592BA9 /* EuclidCircularB-Bold.woff in Resources */,
				03E608B9265010A400592BA9 /* EuclidCircularB-Italic.woff in Resources */,
				0349E8982634C3D000B0391A /* ic_eye.png in Resources */,
				0349E88426343BBF00B0391A /* Auth.storyboard in Resources */,
				0349E89026346FC500B0391A /* ic_message.png in Resources */,
				03E608A3265010A400592BA9 /* EuclidCircularB-Medium.eot in Resources */,
				03E608A4265010A400592BA9 /* EuclidCircularB-BoldItalic.woff in Resources */,
				0349E8822634344300B0391A /* XenonPNG 1.png in Resources */,
				03E60896265010A400592BA9 /* EuclidCircularB-Italic.eot in Resources */,
				03E6086A26500D3000592BA9 /* ic_lock_white.png in Resources */,
				0349E89B2635967D00B0391A /* BrowserView.xib in Resources */,
				4488185CA653EF664FF986BE /* OFL.txt in Resources */,
				03E60895265010A400592BA9 /* EuclidCircularB-Medium.ttf in Resources */,
				44881E5656FB17EDA01DCBC7 /* Poppins-Bold.ttf in Resources */,
				03E608BA265010A400592BA9 /* EuclidCircularB-LightItalic.woff in Resources */,
				448810752E435437F0679CDF /* Poppins-Thin.ttf in Resources */,
				448813961D6485A3304D15A4 /* Poppins-Black.ttf in Resources */,
				44881B4C5EF04FAC1B338E86 /* Poppins-Light.ttf in Resources */,
				448817153D91A6D6240006ED /* Poppins-Italic.ttf in Resources */,
				03E608B5265010A400592BA9 /* EuclidCircularB-SemiBoldItalic.woff in Resources */,
				44881BB435CBD61E19D41C16 /* Poppins-Medium.ttf in Resources */,
				44881F7021E62CA9F3520429 /* Poppins-Regular.ttf in Resources */,
				4488179A4118D983DB413B5F /* Poppins-SemiBold.ttf in Resources */,
				03E608B7265010A400592BA9 /* EuclidCircularB-Regular.ttf in Resources */,
				03E60894265010A400592BA9 /* EuclidCircularB-BoldItalic.eot in Resources */,
				4488128FFD025B7B5268CA9F /* Poppins-ExtraBold.ttf in Resources */,
				03E608A0265010A400592BA9 /* EuclidCircularB-MediumItalic.ttf in Resources */,
				0345F972263E91ED0059E5B1 /* ic_cancel.png in Resources */,
				03E608AC265010A400592BA9 /* EuclidCircularB-Light.ttf in Resources */,
				03E6089A265010A400592BA9 /* EuclidCircularB-SemiBoldItalic.ttf in Resources */,
				03E608B8265010A400592BA9 /* EuclidCircularB-Regular.woff in Resources */,
				03E6089F265010A400592BA9 /* EuclidCircularB-MediumItalic.eot in Resources */,
				03E60898265010A400592BA9 /* EuclidCircularB-BoldItalic.ttf in Resources */,
				03E60899265010A400592BA9 /* EuclidCircularB-LightItalic.ttf in Resources */,
				448819A24B2D97117D8AEBF8 /* Poppins-BoldItalic.ttf in Resources */,
				448817BF6022CE28AF57CF69 /* Poppins-ExtraLight.ttf in Resources */,
				448812BF7ECD74BBFA893C0A /* Poppins-ThinItalic.ttf in Resources */,
				03E60868265009D100592BA9 /* ic_message_white.png in Resources */,
				44881B6B9AEDC407C67F1372 /* Poppins-BlackItalic.ttf in Resources */,
				03E608AF265010A400592BA9 /* EuclidCircularB-LightItalic.eot in Resources */,
				44881B7BCEF5AC32C6D505EF /* Poppins-LightItalic.ttf in Resources */,
				448818DEBDF5821D0F89F5D9 /* Poppins-MediumItalic.ttf in Resources */,
				03E608A7265010A400592BA9 /* EuclidCircularB-Bold.eot in Resources */,
				0345F976263F1D100059E5B1 /* ic_plus_white.png in Resources */,
				03E608BB265010A400592BA9 /* EuclidCircularB-Bold.woff2 in Resources */,
				448818181A83EA54287E09B9 /* Poppins-SemiBoldItalic.ttf in Resources */,
				44881F32FE7838B43CA42D81 /* Poppins-ExtraBoldItalic.ttf in Resources */,
				03E608A2265010A400592BA9 /* EuclidCircularB-Regular.eot in Resources */,
				4488140CC54434AA7EAE0B5A /* Poppins-ExtraLightItalic.ttf in Resources */,
				03E608B2265010A400592BA9 /* EuclidCircularB-Regular.woff2 in Resources */,
				03E608A6265010A400592BA9 /* EuclidCircularB-Italic.woff2 in Resources */,
				03E608B3265010A400592BA9 /* EuclidCircularB-SemiBold.eot in Resources */,
				44881D7C53253EC1EB94DE2F /* ic_plus.png in Resources */,
				03E608B0265010A400592BA9 /* EuclidCircularB-MediumItalic.woff in Resources */,
				03E608A8265010A400592BA9 /* EuclidCircularB-SemiBoldItalic.eot in Resources */,
			);
			runOnlyForDeploymentPostprocessing = 0;
		};
		0349E85C2633F27C00B0391A /* Resources */ = {
			isa = PBXResourcesBuildPhase;
			buildActionMask = 2147483647;
			files = (
			);
			runOnlyForDeploymentPostprocessing = 0;
		};
		0349E8672633F27C00B0391A /* Resources */ = {
			isa = PBXResourcesBuildPhase;
			buildActionMask = 2147483647;
			files = (
			);
			runOnlyForDeploymentPostprocessing = 0;
		};
/* End PBXResourcesBuildPhase section */

/* Begin PBXShellScriptBuildPhase section */
		04823BD052BF8CCE42FDD8AE /* [CP] Check Pods Manifest.lock */ = {
			isa = PBXShellScriptBuildPhase;
			buildActionMask = 2147483647;
			files = (
			);
			inputFileListPaths = (
			);
			inputPaths = (
				"${PODS_PODFILE_DIR_PATH}/Podfile.lock",
				"${PODS_ROOT}/Manifest.lock",
			);
			name = "[CP] Check Pods Manifest.lock";
			outputFileListPaths = (
			);
			outputPaths = (
				"$(DERIVED_FILE_DIR)/Pods-MyBrowser-checkManifestLockResult.txt",
			);
			runOnlyForDeploymentPostprocessing = 0;
			shellPath = /bin/sh;
			shellScript = "diff \"${PODS_PODFILE_DIR_PATH}/Podfile.lock\" \"${PODS_ROOT}/Manifest.lock\" > /dev/null\nif [ $? != 0 ] ; then\n    # print error to STDERR\n    echo \"error: The sandbox is not in sync with the Podfile.lock. Run 'pod install' or update your CocoaPods installation.\" >&2\n    exit 1\nfi\n# This output is used by Xcode 'outputs' to avoid re-running this script phase.\necho \"SUCCESS\" > \"${SCRIPT_OUTPUT_FILE_0}\"\n";
			showEnvVarsInLog = 0;
		};
		099D6D58377743CAC3DABE58 /* [CP] Check Pods Manifest.lock */ = {
			isa = PBXShellScriptBuildPhase;
			buildActionMask = 2147483647;
			files = (
			);
			inputFileListPaths = (
			);
			inputPaths = (
				"${PODS_PODFILE_DIR_PATH}/Podfile.lock",
				"${PODS_ROOT}/Manifest.lock",
			);
			name = "[CP] Check Pods Manifest.lock";
			outputFileListPaths = (
			);
			outputPaths = (
				"$(DERIVED_FILE_DIR)/Pods-MyBrowserTests-checkManifestLockResult.txt",
			);
			runOnlyForDeploymentPostprocessing = 0;
			shellPath = /bin/sh;
			shellScript = "diff \"${PODS_PODFILE_DIR_PATH}/Podfile.lock\" \"${PODS_ROOT}/Manifest.lock\" > /dev/null\nif [ $? != 0 ] ; then\n    # print error to STDERR\n    echo \"error: The sandbox is not in sync with the Podfile.lock. Run 'pod install' or update your CocoaPods installation.\" >&2\n    exit 1\nfi\n# This output is used by Xcode 'outputs' to avoid re-running this script phase.\necho \"SUCCESS\" > \"${SCRIPT_OUTPUT_FILE_0}\"\n";
			showEnvVarsInLog = 0;
		};
		5531080888B34A54F746F3F3 /* [CP] Check Pods Manifest.lock */ = {
			isa = PBXShellScriptBuildPhase;
			buildActionMask = 2147483647;
			files = (
			);
			inputFileListPaths = (
			);
			inputPaths = (
				"${PODS_PODFILE_DIR_PATH}/Podfile.lock",
				"${PODS_ROOT}/Manifest.lock",
			);
			name = "[CP] Check Pods Manifest.lock";
			outputFileListPaths = (
			);
			outputPaths = (
				"$(DERIVED_FILE_DIR)/Pods-MyBrowser-MyBrowserUITests-checkManifestLockResult.txt",
			);
			runOnlyForDeploymentPostprocessing = 0;
			shellPath = /bin/sh;
			shellScript = "diff \"${PODS_PODFILE_DIR_PATH}/Podfile.lock\" \"${PODS_ROOT}/Manifest.lock\" > /dev/null\nif [ $? != 0 ] ; then\n    # print error to STDERR\n    echo \"error: The sandbox is not in sync with the Podfile.lock. Run 'pod install' or update your CocoaPods installation.\" >&2\n    exit 1\nfi\n# This output is used by Xcode 'outputs' to avoid re-running this script phase.\necho \"SUCCESS\" > \"${SCRIPT_OUTPUT_FILE_0}\"\n";
			showEnvVarsInLog = 0;
		};
/* End PBXShellScriptBuildPhase section */

/* Begin PBXSourcesBuildPhase section */
		0349E8442633F27600B0391A /* Sources */ = {
			isa = PBXSourcesBuildPhase;
			buildActionMask = 2147483647;
			files = (
				0345F96A263DBB570059E5B1 /* CreateNewBrowserViewController.swift in Sources */,
				0349E88626343C9A00B0391A /* AuthViewController.swift in Sources */,
				0349E84C2633F27600B0391A /* AppDelegate.swift in Sources */,
				0349E88B263440FC00B0391A /* extension.swift in Sources */,
				0345F96C263E35630059E5B1 /* CreateBrowserPopupView.swift in Sources */,
				0345F974263EF6310059E5B1 /* CustomBrowserCell.swift in Sources */,
				4488135DE7230DDFA031F592 /* uiTextField.swift in Sources */,
				448810BF152A3B44C3280F18 /* HomeViewController.swift in Sources */,
				4488117A6F0E591AEC346CA4 /* SceneDelegate.swift in Sources */,
				44881383EB17CD702A1F6980 /* UIImage.swift in Sources */,
				448811E42B89DCCDF5BB1A1B /* UILabel.swift in Sources */,
				448814A7C6B4F82749F6E424 /* addBrowserView.swift in Sources */,
				0345F970263E3D400059E5B1 /* BrowserAddVC.swift in Sources */,
				0345F96E263E3C910059E5B1 /* MyBrowserVC.swift in Sources */,
				44881899A6167AA373808DB2 /* BrowserPaginateCard.swift in Sources */,
				44881A26452A1D1A57063A72 /* FullScreenBrowserViewController.swift in Sources */,
				448810C914E146F1C9643C39 /* CustomTextField.swift in Sources */,
				03E60866264FF8B600592BA9 /* CustomUITextFieldDelegate.swift in Sources */,
			);
			runOnlyForDeploymentPostprocessing = 0;
		};
		0349E85A2633F27C00B0391A /* Sources */ = {
			isa = PBXSourcesBuildPhase;
			buildActionMask = 2147483647;
			files = (
				0349E8632633F27C00B0391A /* MyBrowserTests.swift in Sources */,
			);
			runOnlyForDeploymentPostprocessing = 0;
		};
		0349E8652633F27C00B0391A /* Sources */ = {
			isa = PBXSourcesBuildPhase;
			buildActionMask = 2147483647;
			files = (
				0349E86E2633F27C00B0391A /* MyBrowserUITests.swift in Sources */,
			);
			runOnlyForDeploymentPostprocessing = 0;
		};
/* End PBXSourcesBuildPhase section */

/* Begin PBXTargetDependency section */
		0349E8602633F27C00B0391A /* PBXTargetDependency */ = {
			isa = PBXTargetDependency;
			target = 0349E8472633F27600B0391A /* MyBrowser */;
			targetProxy = 0349E85F2633F27C00B0391A /* PBXContainerItemProxy */;
		};
		0349E86B2633F27C00B0391A /* PBXTargetDependency */ = {
			isa = PBXTargetDependency;
			target = 0349E8472633F27600B0391A /* MyBrowser */;
			targetProxy = 0349E86A2633F27C00B0391A /* PBXContainerItemProxy */;
		};
/* End PBXTargetDependency section */

/* Begin PBXVariantGroup section */
		0349E8562633F27C00B0391A /* LaunchScreen.storyboard */ = {
			isa = PBXVariantGroup;
			children = (
				0349E8572633F27C00B0391A /* Base */,
			);
			name = LaunchScreen.storyboard;
			sourceTree = "<group>";
		};
/* End PBXVariantGroup section */

/* Begin XCBuildConfiguration section */
		0349E8702633F27C00B0391A /* Debug */ = {
			isa = XCBuildConfiguration;
			buildSettings = {
				ALWAYS_SEARCH_USER_PATHS = NO;
				CLANG_ANALYZER_NONNULL = YES;
				CLANG_ANALYZER_NUMBER_OBJECT_CONVERSION = YES_AGGRESSIVE;
				CLANG_CXX_LANGUAGE_STANDARD = "gnu++14";
				CLANG_CXX_LIBRARY = "libc++";
				CLANG_ENABLE_MODULES = YES;
				CLANG_ENABLE_OBJC_ARC = YES;
				CLANG_ENABLE_OBJC_WEAK = YES;
				CLANG_WARN_BLOCK_CAPTURE_AUTORELEASING = YES;
				CLANG_WARN_BOOL_CONVERSION = YES;
				CLANG_WARN_COMMA = YES;
				CLANG_WARN_CONSTANT_CONVERSION = YES;
				CLANG_WARN_DEPRECATED_OBJC_IMPLEMENTATIONS = YES;
				CLANG_WARN_DIRECT_OBJC_ISA_USAGE = YES_ERROR;
				CLANG_WARN_DOCUMENTATION_COMMENTS = YES;
				CLANG_WARN_EMPTY_BODY = YES;
				CLANG_WARN_ENUM_CONVERSION = YES;
				CLANG_WARN_INFINITE_RECURSION = YES;
				CLANG_WARN_INT_CONVERSION = YES;
				CLANG_WARN_NON_LITERAL_NULL_CONVERSION = YES;
				CLANG_WARN_OBJC_IMPLICIT_RETAIN_SELF = YES;
				CLANG_WARN_OBJC_LITERAL_CONVERSION = YES;
				CLANG_WARN_OBJC_ROOT_CLASS = YES_ERROR;
				CLANG_WARN_RANGE_LOOP_ANALYSIS = YES;
				CLANG_WARN_STRICT_PROTOTYPES = YES;
				CLANG_WARN_SUSPICIOUS_MOVE = YES;
				CLANG_WARN_UNGUARDED_AVAILABILITY = YES_AGGRESSIVE;
				CLANG_WARN_UNREACHABLE_CODE = YES;
				CLANG_WARN__DUPLICATE_METHOD_MATCH = YES;
				COPY_PHASE_STRIP = NO;
				DEBUG_INFORMATION_FORMAT = dwarf;
				ENABLE_STRICT_OBJC_MSGSEND = YES;
				ENABLE_TESTABILITY = YES;
				GCC_C_LANGUAGE_STANDARD = gnu11;
				GCC_DYNAMIC_NO_PIC = NO;
				GCC_NO_COMMON_BLOCKS = YES;
				GCC_OPTIMIZATION_LEVEL = 0;
				GCC_PREPROCESSOR_DEFINITIONS = (
					"DEBUG=1",
					"$(inherited)",
				);
				GCC_WARN_64_TO_32_BIT_CONVERSION = YES;
				GCC_WARN_ABOUT_RETURN_TYPE = YES_ERROR;
				GCC_WARN_UNDECLARED_SELECTOR = YES;
				GCC_WARN_UNINITIALIZED_AUTOS = YES_AGGRESSIVE;
				GCC_WARN_UNUSED_FUNCTION = YES;
				GCC_WARN_UNUSED_VARIABLE = YES;
				IPHONEOS_DEPLOYMENT_TARGET = 13.6;
				MTL_ENABLE_DEBUG_INFO = INCLUDE_SOURCE;
				MTL_FAST_MATH = YES;
				ONLY_ACTIVE_ARCH = YES;
				SDKROOT = iphoneos;
				SWIFT_ACTIVE_COMPILATION_CONDITIONS = DEBUG;
				SWIFT_OPTIMIZATION_LEVEL = "-Onone";
			};
			name = Debug;
		};
		0349E8712633F27C00B0391A /* Release */ = {
			isa = XCBuildConfiguration;
			buildSettings = {
				ALWAYS_SEARCH_USER_PATHS = NO;
				CLANG_ANALYZER_NONNULL = YES;
				CLANG_ANALYZER_NUMBER_OBJECT_CONVERSION = YES_AGGRESSIVE;
				CLANG_CXX_LANGUAGE_STANDARD = "gnu++14";
				CLANG_CXX_LIBRARY = "libc++";
				CLANG_ENABLE_MODULES = YES;
				CLANG_ENABLE_OBJC_ARC = YES;
				CLANG_ENABLE_OBJC_WEAK = YES;
				CLANG_WARN_BLOCK_CAPTURE_AUTORELEASING = YES;
				CLANG_WARN_BOOL_CONVERSION = YES;
				CLANG_WARN_COMMA = YES;
				CLANG_WARN_CONSTANT_CONVERSION = YES;
				CLANG_WARN_DEPRECATED_OBJC_IMPLEMENTATIONS = YES;
				CLANG_WARN_DIRECT_OBJC_ISA_USAGE = YES_ERROR;
				CLANG_WARN_DOCUMENTATION_COMMENTS = YES;
				CLANG_WARN_EMPTY_BODY = YES;
				CLANG_WARN_ENUM_CONVERSION = YES;
				CLANG_WARN_INFINITE_RECURSION = YES;
				CLANG_WARN_INT_CONVERSION = YES;
				CLANG_WARN_NON_LITERAL_NULL_CONVERSION = YES;
				CLANG_WARN_OBJC_IMPLICIT_RETAIN_SELF = YES;
				CLANG_WARN_OBJC_LITERAL_CONVERSION = YES;
				CLANG_WARN_OBJC_ROOT_CLASS = YES_ERROR;
				CLANG_WARN_RANGE_LOOP_ANALYSIS = YES;
				CLANG_WARN_STRICT_PROTOTYPES = YES;
				CLANG_WARN_SUSPICIOUS_MOVE = YES;
				CLANG_WARN_UNGUARDED_AVAILABILITY = YES_AGGRESSIVE;
				CLANG_WARN_UNREACHABLE_CODE = YES;
				CLANG_WARN__DUPLICATE_METHOD_MATCH = YES;
				COPY_PHASE_STRIP = NO;
				DEBUG_INFORMATION_FORMAT = "dwarf-with-dsym";
				ENABLE_NS_ASSERTIONS = NO;
				ENABLE_STRICT_OBJC_MSGSEND = YES;
				GCC_C_LANGUAGE_STANDARD = gnu11;
				GCC_NO_COMMON_BLOCKS = YES;
				GCC_WARN_64_TO_32_BIT_CONVERSION = YES;
				GCC_WARN_ABOUT_RETURN_TYPE = YES_ERROR;
				GCC_WARN_UNDECLARED_SELECTOR = YES;
				GCC_WARN_UNINITIALIZED_AUTOS = YES_AGGRESSIVE;
				GCC_WARN_UNUSED_FUNCTION = YES;
				GCC_WARN_UNUSED_VARIABLE = YES;
				IPHONEOS_DEPLOYMENT_TARGET = 13.6;
				MTL_ENABLE_DEBUG_INFO = NO;
				MTL_FAST_MATH = YES;
				SDKROOT = iphoneos;
				SWIFT_COMPILATION_MODE = wholemodule;
				SWIFT_OPTIMIZATION_LEVEL = "-O";
				VALIDATE_PRODUCT = YES;
			};
			name = Release;
		};
		0349E8732633F27C00B0391A /* Debug */ = {
			isa = XCBuildConfiguration;
			baseConfigurationReference = CF72E83EAC3A8D48E07F0908 /* Pods-MyBrowser.debug.xcconfig */;
			buildSettings = {
				ASSETCATALOG_COMPILER_APPICON_NAME = AppIcon;
				CODE_SIGN_STYLE = Automatic;
				DEVELOPMENT_TEAM = 7XY65BWQ4P;
				INFOPLIST_FILE = MyBrowser/Info.plist;
				LD_RUNPATH_SEARCH_PATHS = (
					"$(inherited)",
					"@executable_path/Frameworks",
				);
				PRODUCT_BUNDLE_IDENTIFIER = com.ios.MyBrowser;
				PRODUCT_NAME = "$(TARGET_NAME)";
				SWIFT_VERSION = 5.0;
				TARGETED_DEVICE_FAMILY = "1,2";
			};
			name = Debug;
		};
		0349E8742633F27C00B0391A /* Release */ = {
			isa = XCBuildConfiguration;
			baseConfigurationReference = FC2F776F054E3E68AEE4015E /* Pods-MyBrowser.release.xcconfig */;
			buildSettings = {
				ASSETCATALOG_COMPILER_APPICON_NAME = AppIcon;
				CODE_SIGN_STYLE = Automatic;
				DEVELOPMENT_TEAM = 7XY65BWQ4P;
				INFOPLIST_FILE = MyBrowser/Info.plist;
				LD_RUNPATH_SEARCH_PATHS = (
					"$(inherited)",
					"@executable_path/Frameworks",
				);
				PRODUCT_BUNDLE_IDENTIFIER = com.ios.MyBrowser;
				PRODUCT_NAME = "$(TARGET_NAME)";
				SWIFT_VERSION = 5.0;
				TARGETED_DEVICE_FAMILY = "1,2";
			};
			name = Release;
		};
		0349E8762633F27C00B0391A /* Debug */ = {
			isa = XCBuildConfiguration;
			baseConfigurationReference = 97DD6DC888D8051C2C28CBFB /* Pods-MyBrowserTests.debug.xcconfig */;
			buildSettings = {
				ALWAYS_EMBED_SWIFT_STANDARD_LIBRARIES = YES;
				BUNDLE_LOADER = "$(TEST_HOST)";
				CODE_SIGN_STYLE = Automatic;
				DEVELOPMENT_TEAM = 7XY65BWQ4P;
				INFOPLIST_FILE = MyBrowserTests/Info.plist;
				IPHONEOS_DEPLOYMENT_TARGET = 13.6;
				LD_RUNPATH_SEARCH_PATHS = (
					"$(inherited)",
					"@executable_path/Frameworks",
					"@loader_path/Frameworks",
				);
				PRODUCT_BUNDLE_IDENTIFIER = com.ios.MyBrowserTests;
				PRODUCT_NAME = "$(TARGET_NAME)";
				SWIFT_VERSION = 5.0;
				TARGETED_DEVICE_FAMILY = "1,2";
				TEST_HOST = "$(BUILT_PRODUCTS_DIR)/MyBrowser.app/MyBrowser";
			};
			name = Debug;
		};
		0349E8772633F27C00B0391A /* Release */ = {
			isa = XCBuildConfiguration;
			baseConfigurationReference = 2DEB80D0B6365431AC1D58D1 /* Pods-MyBrowserTests.release.xcconfig */;
			buildSettings = {
				ALWAYS_EMBED_SWIFT_STANDARD_LIBRARIES = YES;
				BUNDLE_LOADER = "$(TEST_HOST)";
				CODE_SIGN_STYLE = Automatic;
				DEVELOPMENT_TEAM = 7XY65BWQ4P;
				INFOPLIST_FILE = MyBrowserTests/Info.plist;
				IPHONEOS_DEPLOYMENT_TARGET = 13.6;
				LD_RUNPATH_SEARCH_PATHS = (
					"$(inherited)",
					"@executable_path/Frameworks",
					"@loader_path/Frameworks",
				);
				PRODUCT_BUNDLE_IDENTIFIER = com.ios.MyBrowserTests;
				PRODUCT_NAME = "$(TARGET_NAME)";
				SWIFT_VERSION = 5.0;
				TARGETED_DEVICE_FAMILY = "1,2";
				TEST_HOST = "$(BUILT_PRODUCTS_DIR)/MyBrowser.app/MyBrowser";
			};
			name = Release;
		};
		0349E8792633F27C00B0391A /* Debug */ = {
			isa = XCBuildConfiguration;
			baseConfigurationReference = AFC37453B1D10322351A5BEA /* Pods-MyBrowser-MyBrowserUITests.debug.xcconfig */;
			buildSettings = {
				ALWAYS_EMBED_SWIFT_STANDARD_LIBRARIES = YES;
				CODE_SIGN_STYLE = Automatic;
				DEVELOPMENT_TEAM = 7XY65BWQ4P;
				INFOPLIST_FILE = MyBrowserUITests/Info.plist;
				LD_RUNPATH_SEARCH_PATHS = (
					"$(inherited)",
					"@executable_path/Frameworks",
					"@loader_path/Frameworks",
				);
				PRODUCT_BUNDLE_IDENTIFIER = com.ios.MyBrowserUITests;
				PRODUCT_NAME = "$(TARGET_NAME)";
				SWIFT_VERSION = 5.0;
				TARGETED_DEVICE_FAMILY = "1,2";
				TEST_TARGET_NAME = MyBrowser;
			};
			name = Debug;
		};
		0349E87A2633F27C00B0391A /* Release */ = {
			isa = XCBuildConfiguration;
			baseConfigurationReference = 8D736CCD9F4A25837C9149FC /* Pods-MyBrowser-MyBrowserUITests.release.xcconfig */;
			buildSettings = {
				ALWAYS_EMBED_SWIFT_STANDARD_LIBRARIES = YES;
				CODE_SIGN_STYLE = Automatic;
				DEVELOPMENT_TEAM = 7XY65BWQ4P;
				INFOPLIST_FILE = MyBrowserUITests/Info.plist;
				LD_RUNPATH_SEARCH_PATHS = (
					"$(inherited)",
					"@executable_path/Frameworks",
					"@loader_path/Frameworks",
				);
				PRODUCT_BUNDLE_IDENTIFIER = com.ios.MyBrowserUITests;
				PRODUCT_NAME = "$(TARGET_NAME)";
				SWIFT_VERSION = 5.0;
				TARGETED_DEVICE_FAMILY = "1,2";
				TEST_TARGET_NAME = MyBrowser;
			};
			name = Release;
		};
/* End XCBuildConfiguration section */

/* Begin XCConfigurationList section */
		0349E8432633F27600B0391A /* Build configuration list for PBXProject "MyBrowser" */ = {
			isa = XCConfigurationList;
			buildConfigurations = (
				0349E8702633F27C00B0391A /* Debug */,
				0349E8712633F27C00B0391A /* Release */,
			);
			defaultConfigurationIsVisible = 0;
			defaultConfigurationName = Release;
		};
		0349E8722633F27C00B0391A /* Build configuration list for PBXNativeTarget "MyBrowser" */ = {
			isa = XCConfigurationList;
			buildConfigurations = (
				0349E8732633F27C00B0391A /* Debug */,
				0349E8742633F27C00B0391A /* Release */,
			);
			defaultConfigurationIsVisible = 0;
			defaultConfigurationName = Release;
		};
		0349E8752633F27C00B0391A /* Build configuration list for PBXNativeTarget "MyBrowserTests" */ = {
			isa = XCConfigurationList;
			buildConfigurations = (
				0349E8762633F27C00B0391A /* Debug */,
				0349E8772633F27C00B0391A /* Release */,
			);
			defaultConfigurationIsVisible = 0;
			defaultConfigurationName = Release;
		};
		0349E8782633F27C00B0391A /* Build configuration list for PBXNativeTarget "MyBrowserUITests" */ = {
			isa = XCConfigurationList;
			buildConfigurations = (
				0349E8792633F27C00B0391A /* Debug */,
				0349E87A2633F27C00B0391A /* Release */,
			);
			defaultConfigurationIsVisible = 0;
			defaultConfigurationName = Release;
		};
/* End XCConfigurationList section */
	};
	rootObject = 0349E8402633F27600B0391A /* Project object */;
}
